
Microsoft Visual Studio Solution File, Format Version 12.00
# Visual Studio Version 16
VisualStudioVersion = 16.0.29911.84
MinimumVisualStudioVersion = 10.0.40219.1
Project("{FAE04EC0-301F-11D3-BF4B-00C04F79EFBC}") = "FixEaglesoftServer", "FixEaglesoftServer\FixEaglesoftServer.csproj", "{FE018B5C-52ED-4033-8D94-4C5DFAB48C6E}"
EndProject
Global
	GlobalSection(SolutionConfigurationPlatforms) = preSolution
		Debug|Any CPU = Debug|Any CPU
		Release|Any CPU = Release|Any CPU
	EndGlobalSection
	GlobalSection(ProjectConfigurationPlatforms) = postSolution
		{FE018B5C-52ED-4033-8D94-4C5DFAB48C6E}.Debug|Any CPU.ActiveCfg = Debug|Any CPU
		{FE018B5C-52ED-4033-8D94-4C5DFAB48C6E}.Debug|Any CPU.Build.0 = Debug|Any CPU
		{FE018B5C-52ED-4033-8D94-4C5DFAB48C6E}.Release|Any CPU.ActiveCfg = Release|Any CPU
		{FE018B5C-52ED-4033-8D94-4C5DFAB48C6E}.Release|Any CPU.Build.0 = Release|Any CPU
	EndGlobalSection
	GlobalSection(SolutionProperties) = preSolution
		HideSolutionNode = FALSE
	EndGlobalSection
	GlobalSection(ExtensibilityGlobals) = postSolution
		SolutionGuid = {7C498996-77DB-47AE-8AE1-3E9832F30AA0}
	EndGlobalSection
EndGlobal
